# Generated by pub
# See https://dart.dev/tools/pub/glossary#lockfile
packages:
  _flutterfire_internals:
    dependency: transitive
    description:
      name: _flutterfire_internals
      sha256: "9ebe81588e666f7e2b21309f2b5653bd9642d7f27fd0a6894278d2ff40cb9481"
      url: "https://pub.dev"
    source: hosted
    version: "1.3.2"
  async:
    dependency: transitive
    description:
      name: async
      sha256: "947bfcf187f74dbc5e146c9eb9c0f10c9f8b30743e341481c1e2ed3ecc18c20c"
      url: "https://pub.dev"
    source: hosted
    version: "2.11.0"
  basic_utils:
    dependency: transitive
    description:
      name: basic_utils
      sha256: "5748b8a2e810bba86da623940ac5c39874760a8f7cf02e62b1787a26f42f33bf"
      url: "https://pub.dev"
    source: hosted
    version: "5.6.0"
  boolean_selector:
    dependency: transitive
    description:
      name: boolean_selector
      sha256: "6cfb5af12253eaf2b368f07bacc5a80d1301a071c73360d746b7f2e32d762c66"
      url: "https://pub.dev"
    source: hosted
    version: "2.1.1"
  bson:
    dependency: transitive
    description:
      name: bson
      sha256: b660352c1912b8c2578c6b0278834dfbe408475726aa6c7acdcff69827dc4e98
      url: "https://pub.dev"
    source: hosted
    version: "4.0.0"
  buffer:
    dependency: transitive
    description:
      name: buffer
      sha256: "8962c12174f53e2e848a6acd7ac7fd63d8a1a6a316c20c458a832d87eba5422a"
      url: "https://pub.dev"
    source: hosted
    version: "1.2.0"
  characters:
    dependency: transitive
    description:
      name: characters
      sha256: "04a925763edad70e8443c99234dc3328f442e811f1d8fd1a72f1c8ad0f69a605"
      url: "https://pub.dev"
    source: hosted
    version: "1.3.0"
  clock:
    dependency: transitive
    description:
      name: clock
      sha256: cb6d7f03e1de671e34607e909a7213e31d7752be4fb66a86d29fe1eb14bfb5cf
      url: "https://pub.dev"
    source: hosted
    version: "1.1.1"
  collection:
    dependency: transitive
    description:
      name: collection
      sha256: "4a07be6cb69c84d677a6c3096fcf960cc3285a8330b4603e0d463d15d9bd934c"
      url: "https://pub.dev"
    source: hosted
    version: "1.17.1"
  convert:
    dependency: transitive
    description:
      name: convert
      sha256: "0f08b14755d163f6e2134cb58222dd25ea2a2ee8a195e53983d57c075324d592"
      url: "https://pub.dev"
    source: hosted
    version: "3.1.1"
  crypto:
    dependency: transitive
    description:
      name: crypto
      sha256: ff625774173754681d66daaf4a448684fb04b78f902da9cb3d308c19cc5e8bab
      url: "https://pub.dev"
    source: hosted
    version: "3.0.3"
  cupertino_icons:
    dependency: "direct main"
    description:
      name: cupertino_icons
      sha256: e35129dc44c9118cee2a5603506d823bab99c68393879edb440e0090d07586be
      url: "https://pub.dev"
    source: hosted
    version: "1.0.5"
  decimal:
    dependency: transitive
    description:
      name: decimal
      sha256: eece91944f523657c75a3a008a90ec7f7eb3986191153a78570c7d0ac8ef3d01
      url: "https://pub.dev"
    source: hosted
    version: "2.3.2"
  equatable:
    dependency: transitive
    description:
      name: equatable
      sha256: c2b87cb7756efdf69892005af546c56c0b5037f54d2a88269b4f347a505e3ca2
      url: "https://pub.dev"
    source: hosted
    version: "2.0.5"
  fake_async:
    dependency: transitive
    description:
      name: fake_async
      sha256: "511392330127add0b769b75a987850d136345d9227c6b94c96a04cf4a391bf78"
      url: "https://pub.dev"
    source: hosted
    version: "1.3.1"
  firebase_auth:
    dependency: "direct main"
    description:
      name: firebase_auth
      sha256: "19508428ca37f611ae47067ee6ebb3ba5a27014941177cc224f71bf7d0720cdd"
      url: "https://pub.dev"
    source: hosted
    version: "4.6.2"
  firebase_auth_platform_interface:
    dependency: transitive
    description:
      name: firebase_auth_platform_interface
      sha256: e46e136a6f6eec88b30f12445ff7f5b19b23b7ede694921ced4f8eba8eb634f6
      url: "https://pub.dev"
    source: hosted
    version: "6.15.2"
  firebase_auth_web:
    dependency: transitive
    description:
      name: firebase_auth_web
      sha256: "553bd576d793d05b920971a2c7ab02bd049d4971153702074ea2555877efd392"
      url: "https://pub.dev"
    source: hosted
    version: "5.5.2"
  firebase_core:
    dependency: "direct main"
    description:
      name: firebase_core
      sha256: e9b36b391690cf329c6fb1de220045e97c13784c303820cd33962319580a56c6
      url: "https://pub.dev"
    source: hosted
    version: "2.13.1"
  firebase_core_platform_interface:
    dependency: transitive
    description:
      name: firebase_core_platform_interface
      sha256: b63e3be6c96ef5c33bdec1aab23c91eb00696f6452f0519401d640938c94cba2
      url: "https://pub.dev"
    source: hosted
    version: "4.8.0"
  firebase_core_web:
    dependency: transitive
    description:
      name: firebase_core_web
      sha256: "8c0f4c87d20e2d001a5915df238c1f9c88704231f591324205f5a5d2a7740a45"
      url: "https://pub.dev"
    source: hosted
    version: "2.5.0"
  fixnum:
    dependency: transitive
    description:
      name: fixnum
      sha256: "25517a4deb0c03aa0f32fd12db525856438902d9c16536311e76cdc57b31d7d1"
      url: "https://pub.dev"
    source: hosted
    version: "1.1.0"
  flutter:
    dependency: "direct main"
    description: flutter
    source: sdk
    version: "0.0.0"
  flutter_lints:
    dependency: "direct dev"
    description:
      name: flutter_lints
      sha256: aeb0b80a8b3709709c9cc496cdc027c5b3216796bc0af0ce1007eaf24464fd4c
      url: "https://pub.dev"
    source: hosted
    version: "2.0.1"
  flutter_test:
    dependency: "direct dev"
    description: flutter
    source: sdk
    version: "0.0.0"
  flutter_web_plugins:
    dependency: transitive
    description: flutter
    source: sdk
    version: "0.0.0"
  font_awesome_flutter:
    dependency: "direct main"
    description:
      name: font_awesome_flutter
      sha256: "959ef4add147753f990b4a7c6cccb746d5792dbdc81b1cde99e62e7edb31b206"
      url: "https://pub.dev"
    source: hosted
    version: "10.4.0"
  google_identity_services_web:
    dependency: transitive
    description:
      name: google_identity_services_web
      sha256: "7940fdc3b1035db4d65d387c1bdd6f9574deaa6777411569c05ecc25672efacd"
      url: "https://pub.dev"
    source: hosted
    version: "0.2.1"
  google_sign_in:
    dependency: "direct main"
    description:
      name: google_sign_in
      sha256: aab6fdc41374014494f9e9026b9859e7309639d50a0bf4a2a412467a5ae4abc6
      url: "https://pub.dev"
    source: hosted
    version: "6.1.4"
  google_sign_in_android:
    dependency: transitive
    description:
      name: google_sign_in_android
      sha256: e89179df2bbcc5988c0e2e98d1c95d471fe7910d323a15b5569ac6eddf085b95
      url: "https://pub.dev"
    source: hosted
    version: "6.1.15"
  google_sign_in_ios:
    dependency: transitive
    description:
      name: google_sign_in_ios
      sha256: "6ec0e13a4c5c646471b9f6a25ceb3ae76d339889d4c0f79b729bf0714215a63e"
      url: "https://pub.dev"
    source: hosted
    version: "5.6.2"
  google_sign_in_platform_interface:
    dependency: transitive
    description:
      name: google_sign_in_platform_interface
      sha256: e69553c0fc6a76216e9d06a8c3767e291ad9be42171f879aab7ab708569d4393
      url: "https://pub.dev"
    source: hosted
    version: "2.4.1"
  google_sign_in_web:
    dependency: transitive
    description:
      name: google_sign_in_web
      sha256: "69b9ce0e760945ff52337921a8b5871592b74c92f85e7632293310701eea68cc"
      url: "https://pub.dev"
    source: hosted
    version: "0.12.0+2"
  http:
    dependency: transitive
    description:
      name: http
      sha256: "4c3f04bfb64d3efd508d06b41b825542f08122d30bda4933fb95c069d22a4fa3"
      url: "https://pub.dev"
    source: hosted
    version: "1.0.0"
  http_parser:
    dependency: transitive
    description:
      name: http_parser
      sha256: "2aa08ce0341cc9b354a498388e30986515406668dbcc4f7c950c3e715496693b"
      url: "https://pub.dev"
    source: hosted
    version: "4.0.2"
  intl:
    dependency: "direct main"
    description:
      name: intl
      sha256: "3bc132a9dbce73a7e4a21a17d06e1878839ffbf975568bc875c60537824b0c4d"
      url: "https://pub.dev"
    source: hosted
    version: "0.18.1"
  intl_phone_number_input:
    dependency: "direct main"
    description:
      name: intl_phone_number_input
      sha256: b812c6e3924e56e65b9684076ccd8eb24126abe0c84091d35d75a25e613a1793
      url: "https://pub.dev"
    source: hosted
    version: "0.7.3+1"
  js:
    dependency: transitive
    description:
      name: js
      sha256: f2c445dce49627136094980615a031419f7f3eb393237e4ecd97ac15dea343f3
      url: "https://pub.dev"
    source: hosted
    version: "0.6.7"
  json_annotation:
    dependency: transitive
    description:
      name: json_annotation
      sha256: b10a7b2ff83d83c777edba3c6a0f97045ddadd56c944e1a23a3fdf43a1bf4467
      url: "https://pub.dev"
    source: hosted
    version: "4.8.1"
  libphonenumber_platform_interface:
    dependency: transitive
    description:
      name: libphonenumber_platform_interface
      sha256: cdd1230aad1d8e12fb4d9752d67ed2361b1cbb26fc8d202a9990c218553b3963
      url: "https://pub.dev"
    source: hosted
    version: "0.4.0"
  libphonenumber_plugin:
    dependency: transitive
    description:
      name: libphonenumber_plugin
      sha256: "1be7c9de4beaed6dffdaf4a3d87758ef9b259c1111283736faef2179919e3ca2"
      url: "https://pub.dev"
    source: hosted
    version: "0.3.1"
  libphonenumber_web:
    dependency: transitive
    description:
      name: libphonenumber_web
      sha256: "35a106149d2f7a05a670d02be2f4ea288258d7bca2f8bdda8a96617151dfa5b9"
      url: "https://pub.dev"
    source: hosted
    version: "0.3.0"
  lints:
    dependency: transitive
    description:
      name: lints
      sha256: "0a217c6c989d21039f1498c3ed9f3ed71b354e69873f13a8dfc3c9fe76f1b452"
      url: "https://pub.dev"
    source: hosted
    version: "2.1.1"
  logging:
    dependency: transitive
    description:
      name: logging
      sha256: "623a88c9594aa774443aa3eb2d41807a48486b5613e67599fb4c41c0ad47c340"
      url: "https://pub.dev"
    source: hosted
    version: "1.2.0"
  matcher:
    dependency: transitive
    description:
      name: matcher
      sha256: "6501fbd55da300384b768785b83e5ce66991266cec21af89ab9ae7f5ce1c4cbb"
      url: "https://pub.dev"
    source: hosted
    version: "0.12.15"
  material_color_utilities:
    dependency: transitive
    description:
      name: material_color_utilities
      sha256: d92141dc6fe1dad30722f9aa826c7fbc896d021d792f80678280601aff8cf724
      url: "https://pub.dev"
    source: hosted
    version: "0.2.0"
  meta:
    dependency: transitive
    description:
      name: meta
      sha256: "3c74dbf8763d36539f114c799d8a2d87343b5067e9d796ca22b5eb8437090ee3"
      url: "https://pub.dev"
    source: hosted
    version: "1.9.1"
  mongo_dart:
    dependency: "direct main"
    description:
      name: mongo_dart
      sha256: "81ceb0db689b4d367bbe24904740ba3cc61354adacf6a5ff51f2141b3e3a6dca"
      url: "https://pub.dev"
    source: hosted
    version: "0.9.1"
  mongo_dart_query:
    dependency: transitive
    description:
      name: mongo_dart_query
      sha256: ccb2875f84a33afe72025ba447956cf4dbad5c7776e5e7cb00f39a1b5234291b
      url: "https://pub.dev"
    source: hosted
    version: "4.0.0"
  packages_extensions:
    dependency: transitive
    description:
      name: packages_extensions
      sha256: "268108a92be955e33a58cf6492e289e43ef55a50c89fa64947f032f5cefeb3fc"
      url: "https://pub.dev"
    source: hosted
    version: "0.1.0"
  path:
    dependency: transitive
    description:
      name: path
      sha256: "8829d8a55c13fc0e37127c29fedf290c102f4e40ae94ada574091fe0ff96c917"
      url: "https://pub.dev"
    source: hosted
    version: "1.8.3"
  pedantic:
    dependency: transitive
    description:
      name: pedantic
      sha256: "67fc27ed9639506c856c840ccce7594d0bdcd91bc8d53d6e52359449a1d50602"
      url: "https://pub.dev"
    source: hosted
    version: "1.11.1"
  plugin_platform_interface:
    dependency: transitive
    description:
      name: plugin_platform_interface
      sha256: "6a2128648c854906c53fa8e33986fc0247a1116122f9534dd20e3ab9e16a32bc"
      url: "https://pub.dev"
    source: hosted
    version: "2.1.4"
  pointycastle:
    dependency: transitive
    description:
      name: pointycastle
      sha256: "7c1e5f0d23c9016c5bbd8b1473d0d3fb3fc851b876046039509e18e0c7485f2c"
      url: "https://pub.dev"
    source: hosted
    version: "3.7.3"
  pool:
    dependency: transitive
    description:
      name: pool
      sha256: "20fe868b6314b322ea036ba325e6fc0711a22948856475e2c2b6306e8ab39c2a"
      url: "https://pub.dev"
    source: hosted
    version: "1.5.1"
  power_extensions:
    dependency: transitive
    description:
      name: power_extensions
      sha256: "9e9092bebe65c05de19eab134f3c2a00afb8857fcb0a8a4571dad1e8289f170c"
      url: "https://pub.dev"
    source: hosted
    version: "0.2.2"
  quiver:
    dependency: transitive
    description:
      name: quiver
      sha256: b1c1ac5ce6688d77f65f3375a9abb9319b3cb32486bdc7a1e0fdf004d7ba4e47
      url: "https://pub.dev"
    source: hosted
    version: "3.2.1"
  rational:
    dependency: transitive
    description:
      name: rational
      sha256: ba58e9e18df9abde280e8b10051e4bce85091e41e8e7e411b6cde2e738d357cf
      url: "https://pub.dev"
    source: hosted
    version: "2.2.2"
  sasl_scram:
    dependency: transitive
    description:
      name: sasl_scram
      sha256: a47207a436eb650f8fdcf54a2e2587b850dc3caef9973ce01f332b07a6fc9cb9
      url: "https://pub.dev"
    source: hosted
    version: "0.1.1"
  saslprep:
    dependency: transitive
    description:
      name: saslprep
      sha256: "79c9e163a82f55da542feaf0f7a59031e74493299c92008b2b404cd88d639bb4"
      url: "https://pub.dev"
    source: hosted
    version: "1.0.2"
  sky_engine:
    dependency: transitive
    description: flutter
    source: sdk
    version: "0.0.99"
  source_span:
    dependency: transitive
    description:
      name: source_span
      sha256: dd904f795d4b4f3b870833847c461801f6750a9fa8e61ea5ac53f9422b31f250
      url: "https://pub.dev"
    source: hosted
    version: "1.9.1"
  stack_trace:
    dependency: transitive
    description:
      name: stack_trace
      sha256: c3c7d8edb15bee7f0f74debd4b9c5f3c2ea86766fe4178eb2a18eb30a0bdaed5
      url: "https://pub.dev"
    source: hosted
    version: "1.11.0"
  stream_channel:
    dependency: transitive
    description:
      name: stream_channel
      sha256: "83615bee9045c1d322bbbd1ba209b7a749c2cbcdcb3fdd1df8eb488b3279c1c8"
      url: "https://pub.dev"
    source: hosted
    version: "2.1.1"
  string_scanner:
    dependency: transitive
    description:
      name: string_scanner
      sha256: "556692adab6cfa87322a115640c11f13cb77b3f076ddcc5d6ae3c20242bedcde"
      url: "https://pub.dev"
    source: hosted
    version: "1.2.0"
  syncfusion_flutter_charts:
    dependency: "direct main"
    description:
      name: syncfusion_flutter_charts
      sha256: "9391ce007e011dae05c0a44fb5c96752d3986acad853a73b35cb2e40d1ab492a"
      url: "https://pub.dev"
    source: hosted
    version: "21.2.9"
  syncfusion_flutter_core:
    dependency: transitive
    description:
      name: syncfusion_flutter_core
      sha256: "4aa69e3541d38810533b1455aa38997a89755f9928e16ef813b62b2e8bcc398c"
      url: "https://pub.dev"
    source: hosted
    version: "21.2.9"
  term_glyph:
    dependency: transitive
    description:
      name: term_glyph
      sha256: a29248a84fbb7c79282b40b8c72a1209db169a2e0542bce341da992fe1bc7e84
      url: "https://pub.dev"
    source: hosted
    version: "1.2.1"
  test_api:
    dependency: transitive
    description:
      name: test_api
      sha256: eb6ac1540b26de412b3403a163d919ba86f6a973fe6cc50ae3541b80092fdcfb
      url: "https://pub.dev"
    source: hosted
    version: "0.5.1"
  typed_data:
    dependency: transitive
    description:
      name: typed_data
      sha256: facc8d6582f16042dd49f2463ff1bd6e2c9ef9f3d5da3d9b087e244a7b564b3c
      url: "https://pub.dev"
    source: hosted
    version: "1.3.2"
  unorm_dart:
    dependency: transitive
    description:
      name: unorm_dart
      sha256: "5b35bff83fce4d76467641438f9e867dc9bcfdb8c1694854f230579d68cd8f4b"
      url: "https://pub.dev"
    source: hosted
    version: "0.2.0"
  uuid:
    dependency: transitive
    description:
      name: uuid
      sha256: "648e103079f7c64a36dc7d39369cabb358d377078a051d6ae2ad3aa539519313"
      url: "https://pub.dev"
    source: hosted
    version: "3.0.7"
  vector_math:
    dependency: transitive
    description:
      name: vector_math
      sha256: "80b3257d1492ce4d091729e3a67a60407d227c27241d6927be0130c98e741803"
      url: "https://pub.dev"
    source: hosted
    version: "2.1.4"
  vy_string_utils:
    dependency: transitive
    description:
      name: vy_string_utils
      sha256: fcb31a6a284c1f3793a376b50bad19fff0444a9ce9c819dc1c4b5d01dcea8acc
      url: "https://pub.dev"
    source: hosted
    version: "0.4.5"
sdks:
  dart: ">=3.0.0 <4.0.0"
  flutter: ">=3.3.0"
